// !$*UTF8*$!
{
	archiveVersion = 1;
	classes = {
	};
	objectVersion = 54;
	objects = {

/* Begin PBXBuildFile section */
		00E356F31AD99517003FC87E /* uRideDriverTests.m in Sources */ = {isa = PBXBuildFile; fileRef = 00E356F21AD99517003FC87E /* uRideDriverTests.m */; };
		0C80B921A6F3F58F76C31292 /* libPods-uRideDriver.a in Frameworks */ = {isa = PBXBuildFile; fileRef = 5DCACB8F33CDC322A6C60F78 /* libPods-uRideDriver.a */; };
		0CD7D0E2883F419C9782679C /* JosefinSans-Thin.ttf in Resources */ = {isa = PBXBuildFile; fileRef = 6D5AC20B768D440EB2995E75 /* JosefinSans-Thin.ttf */; };
		13B07FBC1A68108700A75B9A /* AppDelegate.mm in Sources */ = {isa = PBXBuildFile; fileRef = 13B07FB01A68108700A75B9A /* AppDelegate.mm */; };
		13B07FBF1A68108700A75B9A /* Images.xcassets in Resources */ = {isa = PBXBuildFile; fileRef = 13B07FB51A68108700A75B9A /* Images.xcassets */; };
		13B07FC11A68108700A75B9A /* main.m in Sources */ = {isa = PBXBuildFile; fileRef = 13B07FB71A68108700A75B9A /* main.m */; };
		18E39CCA62C64664B3799D6F /* OpenSans-LightItalic.ttf in Resources */ = {isa = PBXBuildFile; fileRef = DB30BF5477B744928D46D1E7 /* OpenSans-LightItalic.ttf */; };
		294A8DEAE4874461A8A5DCF8 /* OpenSans-Italic.ttf in Resources */ = {isa = PBXBuildFile; fileRef = EB7FBA7B972C4083B5D39E6E /* OpenSans-Italic.ttf */; };
		2DC436D7627645039CEA8267 /* OpenSans-ExtraBoldItalic.ttf in Resources */ = {isa = PBXBuildFile; fileRef = E37950DF827B4909933B52C7 /* OpenSans-ExtraBoldItalic.ttf */; };
		2EC8580DD0C74344AD585824 /* JosefinSans-Light.ttf in Resources */ = {isa = PBXBuildFile; fileRef = 4E453B9129C44751A59C426D /* JosefinSans-Light.ttf */; };
		327884A0A703493CBAC40013 /* OpenSans-Bold.ttf in Resources */ = {isa = PBXBuildFile; fileRef = 13933638B49E4C2E9717C7AC /* OpenSans-Bold.ttf */; };
		4CB4E82C861C4E03AC11D708 /* JosefinSans-Medium.ttf in Resources */ = {isa = PBXBuildFile; fileRef = 2E4527685BAC4CA29894D5A4 /* JosefinSans-Medium.ttf */; };
		5321262D1773467EA7803331 /* JosefinSans-SemiBold.ttf in Resources */ = {isa = PBXBuildFile; fileRef = 1E988E091AED4146B5C844F8 /* JosefinSans-SemiBold.ttf */; };
		5951D573DCE44246AC43D47B /* OpenSans-SemiBold.ttf in Resources */ = {isa = PBXBuildFile; fileRef = 7490A3FA16FF444AB8B7F952 /* OpenSans-SemiBold.ttf */; };
		6CB51EFF48EE4032A42B4A60 /* OpenSans-MediumItalic.ttf in Resources */ = {isa = PBXBuildFile; fileRef = AE628B08B90045EEB714EA40 /* OpenSans-MediumItalic.ttf */; };
		7699B88040F8A987B510C191 /* libPods-uRideDriver-uRideDriverTests.a in Frameworks */ = {isa = PBXBuildFile; fileRef = 19F6CBCC0A4E27FBF8BF4A61 /* libPods-uRideDriver-uRideDriverTests.a */; };
		7F57DFD21EDA4FAB96F9736D /* OpenSans-Light.ttf in Resources */ = {isa = PBXBuildFile; fileRef = 728169C620724A93A7E174FF /* OpenSans-Light.ttf */; };
		81AB9BB82411601600AC10FF /* LaunchScreen.storyboard in Resources */ = {isa = PBXBuildFile; fileRef = 81AB9BB72411601600AC10FF /* LaunchScreen.storyboard */; };
		8332AB3A18E842C7AEDF01D5 /* JosefinSans-ExtraLightItalic.ttf in Resources */ = {isa = PBXBuildFile; fileRef = E0BB7816C4484DC4978EB222 /* JosefinSans-ExtraLightItalic.ttf */; };
		8C28A1B9CCF848AD9828A349 /* OpenSans-Regular.ttf in Resources */ = {isa = PBXBuildFile; fileRef = 23D2C2288E7D48F9B97E646E /* OpenSans-Regular.ttf */; };
		8D653A30E63F46598DB95CC4 /* JosefinSans-SemiBoldItalic.ttf in Resources */ = {isa = PBXBuildFile; fileRef = D8314A8CCE8346F78E2A3C0F /* JosefinSans-SemiBoldItalic.ttf */; };
		8E733AC42C2F44A6BB3668CA /* OpenSans-BoldItalic.ttf in Resources */ = {isa = PBXBuildFile; fileRef = 58F2898B4FA1457BBD424A91 /* OpenSans-BoldItalic.ttf */; };
		91B43CD7A55E4563924209A5 /* JosefinSans-MediumItalic.ttf in Resources */ = {isa = PBXBuildFile; fileRef = 6B7BD308FEDC413FAFA0DE4D /* JosefinSans-MediumItalic.ttf */; };
		9B41BC75C81E4A43A7BBD8EA /* JosefinSans-ExtraLight.ttf in Resources */ = {isa = PBXBuildFile; fileRef = 042C6BE854224DF8BDA61156 /* JosefinSans-ExtraLight.ttf */; };
		A0A56C53567944C9A840A55C /* OpenSans-ExtraBold.ttf in Resources */ = {isa = PBXBuildFile; fileRef = FA4E9FE7081F4ABBBF1B30B9 /* OpenSans-ExtraBold.ttf */; };
		A314E7F969404129A49845C3 /* JosefinSans-LightItalic.ttf in Resources */ = {isa = PBXBuildFile; fileRef = C89BB1678EA340DF8F83F304 /* JosefinSans-LightItalic.ttf */; };
		A9A5EDC158654303B289A6DA /* JosefinSans-Regular.ttf in Resources */ = {isa = PBXBuildFile; fileRef = 567708BE49434CA78CBDD060 /* JosefinSans-Regular.ttf */; };
		D29E6AA3203F44A6A2A9539A /* OpenSans-Medium.ttf in Resources */ = {isa = PBXBuildFile; fileRef = D4C00C130E0E4312BB5B8785 /* OpenSans-Medium.ttf */; };
		D45AAEF2E14C45488B6802F0 /* JosefinSans-Bold.ttf in Resources */ = {isa = PBXBuildFile; fileRef = 28F87859BEF44ABC874701A0 /* JosefinSans-Bold.ttf */; };
		E96E8280666D423892F78CFB /* OpenSans-SemiBoldItalic.ttf in Resources */ = {isa = PBXBuildFile; fileRef = ECFC7D5B978E4AFCA8DA2668 /* OpenSans-SemiBoldItalic.ttf */; };
		F1EAE8FE5079412787E25960 /* JosefinSans-BoldItalic.ttf in Resources */ = {isa = PBXBuildFile; fileRef = 0248E8AFB81342B498420985 /* JosefinSans-BoldItalic.ttf */; };
		F5B064656947422885A2C739 /* JosefinSans-ThinItalic.ttf in Resources */ = {isa = PBXBuildFile; fileRef = 84FC8F9D904D40969457B15E /* JosefinSans-ThinItalic.ttf */; };
		F6869109FC8B448AA2EAB3D9 /* JosefinSans-Italic.ttf in Resources */ = {isa = PBXBuildFile; fileRef = 73D491A01B8546EDACE9A4A7 /* JosefinSans-Italic.ttf */; };
/* End PBXBuildFile section */

/* Begin PBXContainerItemProxy section */
		00E356F41AD99517003FC87E /* PBXContainerItemProxy */ = {
			isa = PBXContainerItemProxy;
			containerPortal = 83CBB9F71A601CBA00E9B192 /* Project object */;
			proxyType = 1;
			remoteGlobalIDString = 13B07F861A680F5B00A75B9A;
			remoteInfo = uRideDriver;
		};
/* End PBXContainerItemProxy section */

/* Begin PBXFileReference section */
		00E356EE1AD99517003FC87E /* uRideDriverTests.xctest */ = {isa = PBXFileReference; explicitFileType = wrapper.cfbundle; includeInIndex = 0; path = uRideDriverTests.xctest; sourceTree = BUILT_PRODUCTS_DIR; };
		00E356F11AD99517003FC87E /* Info.plist */ = {isa = PBXFileReference; lastKnownFileType = text.plist.xml; path = Info.plist; sourceTree = "<group>"; };
		00E356F21AD99517003FC87E /* uRideDriverTests.m */ = {isa = PBXFileReference; lastKnownFileType = sourcecode.c.objc; path = uRideDriverTests.m; sourceTree = "<group>"; };
		0248E8AFB81342B498420985 /* JosefinSans-BoldItalic.ttf */ = {isa = PBXFileReference; explicitFileType = undefined; fileEncoding = undefined; includeInIndex = 0; lastKnownFileType = unknown; name = "JosefinSans-BoldItalic.ttf"; path = "../src/common/assets/fonts/JosefinSans-BoldItalic.ttf"; sourceTree = "<group>"; };
		042C6BE854224DF8BDA61156 /* JosefinSans-ExtraLight.ttf */ = {isa = PBXFileReference; explicitFileType = undefined; fileEncoding = undefined; includeInIndex = 0; lastKnownFileType = unknown; name = "JosefinSans-ExtraLight.ttf"; path = "../src/common/assets/fonts/JosefinSans-ExtraLight.ttf"; sourceTree = "<group>"; };
		13933638B49E4C2E9717C7AC /* OpenSans-Bold.ttf */ = {isa = PBXFileReference; explicitFileType = undefined; fileEncoding = undefined; includeInIndex = 0; lastKnownFileType = unknown; name = "OpenSans-Bold.ttf"; path = "../src/common/assets/fonts/OpenSans-Bold.ttf"; sourceTree = "<group>"; };
		13B07F961A680F5B00A75B9A /* uRideDriver.app */ = {isa = PBXFileReference; explicitFileType = wrapper.application; includeInIndex = 0; path = uRideDriver.app; sourceTree = BUILT_PRODUCTS_DIR; };
		13B07FAF1A68108700A75B9A /* AppDelegate.h */ = {isa = PBXFileReference; fileEncoding = 4; lastKnownFileType = sourcecode.c.h; name = AppDelegate.h; path = uRideDriver/AppDelegate.h; sourceTree = "<group>"; };
		13B07FB01A68108700A75B9A /* AppDelegate.mm */ = {isa = PBXFileReference; fileEncoding = 4; lastKnownFileType = sourcecode.cpp.objcpp; name = AppDelegate.mm; path = uRideDriver/AppDelegate.mm; sourceTree = "<group>"; };
		13B07FB51A68108700A75B9A /* Images.xcassets */ = {isa = PBXFileReference; lastKnownFileType = folder.assetcatalog; name = Images.xcassets; path = uRideDriver/Images.xcassets; sourceTree = "<group>"; };
		13B07FB61A68108700A75B9A /* Info.plist */ = {isa = PBXFileReference; fileEncoding = 4; lastKnownFileType = text.plist.xml; name = Info.plist; path = uRideDriver/Info.plist; sourceTree = "<group>"; };
		13B07FB71A68108700A75B9A /* main.m */ = {isa = PBXFileReference; fileEncoding = 4; lastKnownFileType = sourcecode.c.objc; name = main.m; path = uRideDriver/main.m; sourceTree = "<group>"; };
		19F6CBCC0A4E27FBF8BF4A61 /* libPods-uRideDriver-uRideDriverTests.a */ = {isa = PBXFileReference; explicitFileType = archive.ar; includeInIndex = 0; path = "libPods-uRideDriver-uRideDriverTests.a"; sourceTree = BUILT_PRODUCTS_DIR; };
		1E988E091AED4146B5C844F8 /* JosefinSans-SemiBold.ttf */ = {isa = PBXFileReference; explicitFileType = undefined; fileEncoding = undefined; includeInIndex = 0; lastKnownFileType = unknown; name = "JosefinSans-SemiBold.ttf"; path = "../src/common/assets/fonts/JosefinSans-SemiBold.ttf"; sourceTree = "<group>"; };
		23D2C2288E7D48F9B97E646E /* OpenSans-Regular.ttf */ = {isa = PBXFileReference; explicitFileType = undefined; fileEncoding = undefined; includeInIndex = 0; lastKnownFileType = unknown; name = "OpenSans-Regular.ttf"; path = "../src/common/assets/fonts/OpenSans-Regular.ttf"; sourceTree = "<group>"; };
		28F87859BEF44ABC874701A0 /* JosefinSans-Bold.ttf */ = {isa = PBXFileReference; explicitFileType = undefined; fileEncoding = undefined; includeInIndex = 0; lastKnownFileType = unknown; name = "JosefinSans-Bold.ttf"; path = "../src/common/assets/fonts/JosefinSans-Bold.ttf"; sourceTree = "<group>"; };
		2E4527685BAC4CA29894D5A4 /* JosefinSans-Medium.ttf */ = {isa = PBXFileReference; explicitFileType = undefined; fileEncoding = undefined; includeInIndex = 0; lastKnownFileType = unknown; name = "JosefinSans-Medium.ttf"; path = "../src/common/assets/fonts/JosefinSans-Medium.ttf"; sourceTree = "<group>"; };
		3B4392A12AC88292D35C810B /* Pods-uRideDriver.debug.xcconfig */ = {isa = PBXFileReference; includeInIndex = 1; lastKnownFileType = text.xcconfig; name = "Pods-uRideDriver.debug.xcconfig"; path = "Target Support Files/Pods-uRideDriver/Pods-uRideDriver.debug.xcconfig"; sourceTree = "<group>"; };
		4E453B9129C44751A59C426D /* JosefinSans-Light.ttf */ = {isa = PBXFileReference; explicitFileType = undefined; fileEncoding = undefined; includeInIndex = 0; lastKnownFileType = unknown; name = "JosefinSans-Light.ttf"; path = "../src/common/assets/fonts/JosefinSans-Light.ttf"; sourceTree = "<group>"; };
		567708BE49434CA78CBDD060 /* JosefinSans-Regular.ttf */ = {isa = PBXFileReference; explicitFileType = undefined; fileEncoding = undefined; includeInIndex = 0; lastKnownFileType = unknown; name = "JosefinSans-Regular.ttf"; path = "../src/common/assets/fonts/JosefinSans-Regular.ttf"; sourceTree = "<group>"; };
		5709B34CF0A7D63546082F79 /* Pods-uRideDriver.release.xcconfig */ = {isa = PBXFileReference; includeInIndex = 1; lastKnownFileType = text.xcconfig; name = "Pods-uRideDriver.release.xcconfig"; path = "Target Support Files/Pods-uRideDriver/Pods-uRideDriver.release.xcconfig"; sourceTree = "<group>"; };
		58F2898B4FA1457BBD424A91 /* OpenSans-BoldItalic.ttf */ = {isa = PBXFileReference; explicitFileType = undefined; fileEncoding = undefined; includeInIndex = 0; lastKnownFileType = unknown; name = "OpenSans-BoldItalic.ttf"; path = "../src/common/assets/fonts/OpenSans-BoldItalic.ttf"; sourceTree = "<group>"; };
		5B7EB9410499542E8C5724F5 /* Pods-uRideDriver-uRideDriverTests.debug.xcconfig */ = {isa = PBXFileReference; includeInIndex = 1; lastKnownFileType = text.xcconfig; name = "Pods-uRideDriver-uRideDriverTests.debug.xcconfig"; path = "Target Support Files/Pods-uRideDriver-uRideDriverTests/Pods-uRideDriver-uRideDriverTests.debug.xcconfig"; sourceTree = "<group>"; };
		5DCACB8F33CDC322A6C60F78 /* libPods-uRideDriver.a */ = {isa = PBXFileReference; explicitFileType = archive.ar; includeInIndex = 0; path = "libPods-uRideDriver.a"; sourceTree = BUILT_PRODUCTS_DIR; };
		6B7BD308FEDC413FAFA0DE4D /* JosefinSans-MediumItalic.ttf */ = {isa = PBXFileReference; explicitFileType = undefined; fileEncoding = undefined; includeInIndex = 0; lastKnownFileType = unknown; name = "JosefinSans-MediumItalic.ttf"; path = "../src/common/assets/fonts/JosefinSans-MediumItalic.ttf"; sourceTree = "<group>"; };
		6D5AC20B768D440EB2995E75 /* JosefinSans-Thin.ttf */ = {isa = PBXFileReference; explicitFileType = undefined; fileEncoding = undefined; includeInIndex = 0; lastKnownFileType = unknown; name = "JosefinSans-Thin.ttf"; path = "../src/common/assets/fonts/JosefinSans-Thin.ttf"; sourceTree = "<group>"; };
		728169C620724A93A7E174FF /* OpenSans-Light.ttf */ = {isa = PBXFileReference; explicitFileType = undefined; fileEncoding = undefined; includeInIndex = 0; lastKnownFileType = unknown; name = "OpenSans-Light.ttf"; path = "../src/common/assets/fonts/OpenSans-Light.ttf"; sourceTree = "<group>"; };
		73D491A01B8546EDACE9A4A7 /* JosefinSans-Italic.ttf */ = {isa = PBXFileReference; explicitFileType = undefined; fileEncoding = undefined; includeInIndex = 0; lastKnownFileType = unknown; name = "JosefinSans-Italic.ttf"; path = "../src/common/assets/fonts/JosefinSans-Italic.ttf"; sourceTree = "<group>"; };
		7490A3FA16FF444AB8B7F952 /* OpenSans-SemiBold.ttf */ = {isa = PBXFileReference; explicitFileType = undefined; fileEncoding = undefined; includeInIndex = 0; lastKnownFileType = unknown; name = "OpenSans-SemiBold.ttf"; path = "../src/common/assets/fonts/OpenSans-SemiBold.ttf"; sourceTree = "<group>"; };
		81AB9BB72411601600AC10FF /* LaunchScreen.storyboard */ = {isa = PBXFileReference; fileEncoding = 4; lastKnownFileType = file.storyboard; name = LaunchScreen.storyboard; path = uRideDriver/LaunchScreen.storyboard; sourceTree = "<group>"; };
		84FC8F9D904D40969457B15E /* JosefinSans-ThinItalic.ttf */ = {isa = PBXFileReference; explicitFileType = undefined; fileEncoding = undefined; includeInIndex = 0; lastKnownFileType = unknown; name = "JosefinSans-ThinItalic.ttf"; path = "../src/common/assets/fonts/JosefinSans-ThinItalic.ttf"; sourceTree = "<group>"; };
		89C6BE57DB24E9ADA2F236DE /* Pods-uRideDriver-uRideDriverTests.release.xcconfig */ = {isa = PBXFileReference; includeInIndex = 1; lastKnownFileType = text.xcconfig; name = "Pods-uRideDriver-uRideDriverTests.release.xcconfig"; path = "Target Support Files/Pods-uRideDriver-uRideDriverTests/Pods-uRideDriver-uRideDriverTests.release.xcconfig"; sourceTree = "<group>"; };
		AE628B08B90045EEB714EA40 /* OpenSans-MediumItalic.ttf */ = {isa = PBXFileReference; explicitFileType = undefined; fileEncoding = undefined; includeInIndex = 0; lastKnownFileType = unknown; name = "OpenSans-MediumItalic.ttf"; path = "../src/common/assets/fonts/OpenSans-MediumItalic.ttf"; sourceTree = "<group>"; };
		C89BB1678EA340DF8F83F304 /* JosefinSans-LightItalic.ttf */ = {isa = PBXFileReference; explicitFileType = undefined; fileEncoding = undefined; includeInIndex = 0; lastKnownFileType = unknown; name = "JosefinSans-LightItalic.ttf"; path = "../src/common/assets/fonts/JosefinSans-LightItalic.ttf"; sourceTree = "<group>"; };
		D4C00C130E0E4312BB5B8785 /* OpenSans-Medium.ttf */ = {isa = PBXFileReference; explicitFileType = undefined; fileEncoding = undefined; includeInIndex = 0; lastKnownFileType = unknown; name = "OpenSans-Medium.ttf"; path = "../src/common/assets/fonts/OpenSans-Medium.ttf"; sourceTree = "<group>"; };
		D8314A8CCE8346F78E2A3C0F /* JosefinSans-SemiBoldItalic.ttf */ = {isa = PBXFileReference; explicitFileType = undefined; fileEncoding = undefined; includeInIndex = 0; lastKnownFileType = unknown; name = "JosefinSans-SemiBoldItalic.ttf"; path = "../src/common/assets/fonts/JosefinSans-SemiBoldItalic.ttf"; sourceTree = "<group>"; };
		DB30BF5477B744928D46D1E7 /* OpenSans-LightItalic.ttf */ = {isa = PBXFileReference; explicitFileType = undefined; fileEncoding = undefined; includeInIndex = 0; lastKnownFileType = unknown; name = "OpenSans-LightItalic.ttf"; path = "../src/common/assets/fonts/OpenSans-LightItalic.ttf"; sourceTree = "<group>"; };
		E0BB7816C4484DC4978EB222 /* JosefinSans-ExtraLightItalic.ttf */ = {isa = PBXFileReference; explicitFileType = undefined; fileEncoding = undefined; includeInIndex = 0; lastKnownFileType = unknown; name = "JosefinSans-ExtraLightItalic.ttf"; path = "../src/common/assets/fonts/JosefinSans-ExtraLightItalic.ttf"; sourceTree = "<group>"; };
		E37950DF827B4909933B52C7 /* OpenSans-ExtraBoldItalic.ttf */ = {isa = PBXFileReference; explicitFileType = undefined; fileEncoding = undefined; includeInIndex = 0; lastKnownFileType = unknown; name = "OpenSans-ExtraBoldItalic.ttf"; path = "../src/common/assets/fonts/OpenSans-ExtraBoldItalic.ttf"; sourceTree = "<group>"; };
		EB7FBA7B972C4083B5D39E6E /* OpenSans-Italic.ttf */ = {isa = PBXFileReference; explicitFileType = undefined; fileEncoding = undefined; includeInIndex = 0; lastKnownFileType = unknown; name = "OpenSans-Italic.ttf"; path = "../src/common/assets/fonts/OpenSans-Italic.ttf"; sourceTree = "<group>"; };
		ECFC7D5B978E4AFCA8DA2668 /* OpenSans-SemiBoldItalic.ttf */ = {isa = PBXFileReference; explicitFileType = undefined; fileEncoding = undefined; includeInIndex = 0; lastKnownFileType = unknown; name = "OpenSans-SemiBoldItalic.ttf"; path = "../src/common/assets/fonts/OpenSans-SemiBoldItalic.ttf"; sourceTree = "<group>"; };
		ED297162215061F000B7C4FE /* JavaScriptCore.framework */ = {isa = PBXFileReference; lastKnownFileType = wrapper.framework; name = JavaScriptCore.framework; path = System/Library/Frameworks/JavaScriptCore.framework; sourceTree = SDKROOT; };
		FA4E9FE7081F4ABBBF1B30B9 /* OpenSans-ExtraBold.ttf */ = {isa = PBXFileReference; explicitFileType = undefined; fileEncoding = undefined; includeInIndex = 0; lastKnownFileType = unknown; name = "OpenSans-ExtraBold.ttf"; path = "../src/common/assets/fonts/OpenSans-ExtraBold.ttf"; sourceTree = "<group>"; };
/* End PBXFileReference section */

/* Begin PBXFrameworksBuildPhase section */
		00E356EB1AD99517003FC87E /* Frameworks */ = {
			isa = PBXFrameworksBuildPhase;
			buildActionMask = 2147483647;
			files = (
				7699B88040F8A987B510C191 /* libPods-uRideDriver-uRideDriverTests.a in Frameworks */,
			);
			runOnlyForDeploymentPostprocessing = 0;
		};
		13B07F8C1A680F5B00A75B9A /* Frameworks */ = {
			isa = PBXFrameworksBuildPhase;
			buildActionMask = 2147483647;
			files = (
				0C80B921A6F3F58F76C31292 /* libPods-uRideDriver.a in Frameworks */,
			);
			runOnlyForDeploymentPostprocessing = 0;
		};
/* End PBXFrameworksBuildPhase section */

/* Begin PBXGroup section */
		00E356EF1AD99517003FC87E /* uRideDriverTests */ = {
			isa = PBXGroup;
			children = (
				00E356F21AD99517003FC87E /* uRideDriverTests.m */,
				00E356F01AD99517003FC87E /* Supporting Files */,
			);
			path = uRideDriverTests;
			sourceTree = "<group>";
		};
		00E356F01AD99517003FC87E /* Supporting Files */ = {
			isa = PBXGroup;
			children = (
				00E356F11AD99517003FC87E /* Info.plist */,
			);
			name = "Supporting Files";
			sourceTree = "<group>";
		};
		13B07FAE1A68108700A75B9A /* uRideDriver */ = {
			isa = PBXGroup;
			children = (
				13B07FAF1A68108700A75B9A /* AppDelegate.h */,
				13B07FB01A68108700A75B9A /* AppDelegate.mm */,
				13B07FB51A68108700A75B9A /* Images.xcassets */,
				13B07FB61A68108700A75B9A /* Info.plist */,
				81AB9BB72411601600AC10FF /* LaunchScreen.storyboard */,
				13B07FB71A68108700A75B9A /* main.m */,
			);
			name = uRideDriver;
			sourceTree = "<group>";
		};
		2D16E6871FA4F8E400B85C8A /* Frameworks */ = {
			isa = PBXGroup;
			children = (
				ED297162215061F000B7C4FE /* JavaScriptCore.framework */,
				5DCACB8F33CDC322A6C60F78 /* libPods-uRideDriver.a */,
				19F6CBCC0A4E27FBF8BF4A61 /* libPods-uRideDriver-uRideDriverTests.a */,
			);
			name = Frameworks;
			sourceTree = "<group>";
		};
		3FCBD78AB58E43E4A45284FF /* Resources */ = {
			isa = PBXGroup;
			children = (
				13933638B49E4C2E9717C7AC /* OpenSans-Bold.ttf */,
				58F2898B4FA1457BBD424A91 /* OpenSans-BoldItalic.ttf */,
				FA4E9FE7081F4ABBBF1B30B9 /* OpenSans-ExtraBold.ttf */,
				E37950DF827B4909933B52C7 /* OpenSans-ExtraBoldItalic.ttf */,
				EB7FBA7B972C4083B5D39E6E /* OpenSans-Italic.ttf */,
				728169C620724A93A7E174FF /* OpenSans-Light.ttf */,
				DB30BF5477B744928D46D1E7 /* OpenSans-LightItalic.ttf */,
				D4C00C130E0E4312BB5B8785 /* OpenSans-Medium.ttf */,
				AE628B08B90045EEB714EA40 /* OpenSans-MediumItalic.ttf */,
				23D2C2288E7D48F9B97E646E /* OpenSans-Regular.ttf */,
				7490A3FA16FF444AB8B7F952 /* OpenSans-SemiBold.ttf */,
				ECFC7D5B978E4AFCA8DA2668 /* OpenSans-SemiBoldItalic.ttf */,
				28F87859BEF44ABC874701A0 /* JosefinSans-Bold.ttf */,
				0248E8AFB81342B498420985 /* JosefinSans-BoldItalic.ttf */,
				042C6BE854224DF8BDA61156 /* JosefinSans-ExtraLight.ttf */,
				E0BB7816C4484DC4978EB222 /* JosefinSans-ExtraLightItalic.ttf */,
				73D491A01B8546EDACE9A4A7 /* JosefinSans-Italic.ttf */,
				4E453B9129C44751A59C426D /* JosefinSans-Light.ttf */,
				C89BB1678EA340DF8F83F304 /* JosefinSans-LightItalic.ttf */,
				2E4527685BAC4CA29894D5A4 /* JosefinSans-Medium.ttf */,
				6B7BD308FEDC413FAFA0DE4D /* JosefinSans-MediumItalic.ttf */,
				567708BE49434CA78CBDD060 /* JosefinSans-Regular.ttf */,
				1E988E091AED4146B5C844F8 /* JosefinSans-SemiBold.ttf */,
				D8314A8CCE8346F78E2A3C0F /* JosefinSans-SemiBoldItalic.ttf */,
				6D5AC20B768D440EB2995E75 /* JosefinSans-Thin.ttf */,
				84FC8F9D904D40969457B15E /* JosefinSans-ThinItalic.ttf */,
			);
			name = Resources;
			path = "";
			sourceTree = "<group>";
		};
		832341AE1AAA6A7D00B99B32 /* Libraries */ = {
			isa = PBXGroup;
			children = (
			);
			name = Libraries;
			sourceTree = "<group>";
		};
		83CBB9F61A601CBA00E9B192 = {
			isa = PBXGroup;
			children = (
				13B07FAE1A68108700A75B9A /* uRideDriver */,
				832341AE1AAA6A7D00B99B32 /* Libraries */,
				00E356EF1AD99517003FC87E /* uRideDriverTests */,
				83CBBA001A601CBA00E9B192 /* Products */,
				2D16E6871FA4F8E400B85C8A /* Frameworks */,
				BBD78D7AC51CEA395F1C20DB /* Pods */,
				3FCBD78AB58E43E4A45284FF /* Resources */,
			);
			indentWidth = 2;
			sourceTree = "<group>";
			tabWidth = 2;
			usesTabs = 0;
		};
		83CBBA001A601CBA00E9B192 /* Products */ = {
			isa = PBXGroup;
			children = (
				13B07F961A680F5B00A75B9A /* uRideDriver.app */,
				00E356EE1AD99517003FC87E /* uRideDriverTests.xctest */,
			);
			name = Products;
			sourceTree = "<group>";
		};
		BBD78D7AC51CEA395F1C20DB /* Pods */ = {
			isa = PBXGroup;
			children = (
				3B4392A12AC88292D35C810B /* Pods-uRideDriver.debug.xcconfig */,
				5709B34CF0A7D63546082F79 /* Pods-uRideDriver.release.xcconfig */,
				5B7EB9410499542E8C5724F5 /* Pods-uRideDriver-uRideDriverTests.debug.xcconfig */,
				89C6BE57DB24E9ADA2F236DE /* Pods-uRideDriver-uRideDriverTests.release.xcconfig */,
			);
			path = Pods;
			sourceTree = "<group>";
		};
/* End PBXGroup section */

/* Begin PBXNativeTarget section */
		00E356ED1AD99517003FC87E /* uRideDriverTests */ = {
			isa = PBXNativeTarget;
			buildConfigurationList = 00E357021AD99517003FC87E /* Build configuration list for PBXNativeTarget "uRideDriverTests" */;
			buildPhases = (
				A55EABD7B0C7F3A422A6CC61 /* [CP] Check Pods Manifest.lock */,
				00E356EA1AD99517003FC87E /* Sources */,
				00E356EB1AD99517003FC87E /* Frameworks */,
				00E356EC1AD99517003FC87E /* Resources */,
				C59DA0FBD6956966B86A3779 /* [CP] Embed Pods Frameworks */,
				F6A41C54EA430FDDC6A6ED99 /* [CP] Copy Pods Resources */,
			);
			buildRules = (
			);
			dependencies = (
				00E356F51AD99517003FC87E /* PBXTargetDependency */,
			);
			name = uRideDriverTests;
			productName = uRideDriverTests;
			productReference = 00E356EE1AD99517003FC87E /* uRideDriverTests.xctest */;
			productType = "com.apple.product-type.bundle.unit-test";
		};
		13B07F861A680F5B00A75B9A /* uRideDriver */ = {
			isa = PBXNativeTarget;
			buildConfigurationList = 13B07F931A680F5B00A75B9A /* Build configuration list for PBXNativeTarget "uRideDriver" */;
			buildPhases = (
				C38B50BA6285516D6DCD4F65 /* [CP] Check Pods Manifest.lock */,
				FD10A7F022414F080027D42C /* Start Packager */,
				13B07F871A680F5B00A75B9A /* Sources */,
				13B07F8C1A680F5B00A75B9A /* Frameworks */,
				13B07F8E1A680F5B00A75B9A /* Resources */,
				00DD1BFF1BD5951E006B06BC /* Bundle React Native code and images */,
				00EEFC60759A1932668264C0 /* [CP] Embed Pods Frameworks */,
				E235C05ADACE081382539298 /* [CP] Copy Pods Resources */,
			);
			buildRules = (
			);
			dependencies = (
			);
			name = uRideDriver;
			productName = uRideDriver;
			productReference = 13B07F961A680F5B00A75B9A /* uRideDriver.app */;
			productType = "com.apple.product-type.application";
		};
/* End PBXNativeTarget section */

/* Begin PBXProject section */
		83CBB9F71A601CBA00E9B192 /* Project object */ = {
			isa = PBXProject;
			attributes = {
				LastUpgradeCheck = 1210;
				TargetAttributes = {
					00E356ED1AD99517003FC87E = {
						CreatedOnToolsVersion = 6.2;
						TestTargetID = 13B07F861A680F5B00A75B9A;
					};
					13B07F861A680F5B00A75B9A = {
						LastSwiftMigration = 1120;
					};
				};
			};
			buildConfigurationList = 83CBB9FA1A601CBA00E9B192 /* Build configuration list for PBXProject "uRideDriver" */;
			compatibilityVersion = "Xcode 12.0";
			developmentRegion = en;
			hasScannedForEncodings = 0;
			knownRegions = (
				en,
				Base,
			);
			mainGroup = 83CBB9F61A601CBA00E9B192;
			productRefGroup = 83CBBA001A601CBA00E9B192 /* Products */;
			projectDirPath = "";
			projectRoot = "";
			targets = (
				13B07F861A680F5B00A75B9A /* uRideDriver */,
				00E356ED1AD99517003FC87E /* uRideDriverTests */,
			);
		};
/* End PBXProject section */

/* Begin PBXResourcesBuildPhase section */
		00E356EC1AD99517003FC87E /* Resources */ = {
			isa = PBXResourcesBuildPhase;
			buildActionMask = 2147483647;
			files = (
			);
			runOnlyForDeploymentPostprocessing = 0;
		};
		13B07F8E1A680F5B00A75B9A /* Resources */ = {
			isa = PBXResourcesBuildPhase;
			buildActionMask = 2147483647;
			files = (
				81AB9BB82411601600AC10FF /* LaunchScreen.storyboard in Resources */,
				13B07FBF1A68108700A75B9A /* Images.xcassets in Resources */,
				327884A0A703493CBAC40013 /* OpenSans-Bold.ttf in Resources */,
				8E733AC42C2F44A6BB3668CA /* OpenSans-BoldItalic.ttf in Resources */,
				A0A56C53567944C9A840A55C /* OpenSans-ExtraBold.ttf in Resources */,
				2DC436D7627645039CEA8267 /* OpenSans-ExtraBoldItalic.ttf in Resources */,
				294A8DEAE4874461A8A5DCF8 /* OpenSans-Italic.ttf in Resources */,
				7F57DFD21EDA4FAB96F9736D /* OpenSans-Light.ttf in Resources */,
				18E39CCA62C64664B3799D6F /* OpenSans-LightItalic.ttf in Resources */,
				D29E6AA3203F44A6A2A9539A /* OpenSans-Medium.ttf in Resources */,
				6CB51EFF48EE4032A42B4A60 /* OpenSans-MediumItalic.ttf in Resources */,
				8C28A1B9CCF848AD9828A349 /* OpenSans-Regular.ttf in Resources */,
				5951D573DCE44246AC43D47B /* OpenSans-SemiBold.ttf in Resources */,
				E96E8280666D423892F78CFB /* OpenSans-SemiBoldItalic.ttf in Resources */,
				D45AAEF2E14C45488B6802F0 /* JosefinSans-Bold.ttf in Resources */,
				F1EAE8FE5079412787E25960 /* JosefinSans-BoldItalic.ttf in Resources */,
				9B41BC75C81E4A43A7BBD8EA /* JosefinSans-ExtraLight.ttf in Resources */,
				8332AB3A18E842C7AEDF01D5 /* JosefinSans-ExtraLightItalic.ttf in Resources */,
				F6869109FC8B448AA2EAB3D9 /* JosefinSans-Italic.ttf in Resources */,
				2EC8580DD0C74344AD585824 /* JosefinSans-Light.ttf in Resources */,
				A314E7F969404129A49845C3 /* JosefinSans-LightItalic.ttf in Resources */,
				4CB4E82C861C4E03AC11D708 /* JosefinSans-Medium.ttf in Resources */,
				91B43CD7A55E4563924209A5 /* JosefinSans-MediumItalic.ttf in Resources */,
				A9A5EDC158654303B289A6DA /* JosefinSans-Regular.ttf in Resources */,
				5321262D1773467EA7803331 /* JosefinSans-SemiBold.ttf in Resources */,
				8D653A30E63F46598DB95CC4 /* JosefinSans-SemiBoldItalic.ttf in Resources */,
				0CD7D0E2883F419C9782679C /* JosefinSans-Thin.ttf in Resources */,
				F5B064656947422885A2C739 /* JosefinSans-ThinItalic.ttf in Resources */,
			);
			runOnlyForDeploymentPostprocessing = 0;
		};
/* End PBXResourcesBuildPhase section */

/* Begin PBXShellScriptBuildPhase section */
		00DD1BFF1BD5951E006B06BC /* Bundle React Native code and images */ = {
			isa = PBXShellScriptBuildPhase;
			buildActionMask = 2147483647;
			files = (
			);
			inputPaths = (
			);
			name = "Bundle React Native code and images";
			outputPaths = (
			);
			runOnlyForDeploymentPostprocessing = 0;
			shellPath = /bin/sh;
			shellScript = "set -e\n\nexport NODE_BINARY=node\n../node_modules/react-native/scripts/react-native-xcode.sh\n";
		};
		00EEFC60759A1932668264C0 /* [CP] Embed Pods Frameworks */ = {
			isa = PBXShellScriptBuildPhase;
			buildActionMask = 2147483647;
			files = (
			);
			inputFileListPaths = (
				"${PODS_ROOT}/Target Support Files/Pods-uRideDriver/Pods-uRideDriver-frameworks-${CONFIGURATION}-input-files.xcfilelist",
			);
			name = "[CP] Embed Pods Frameworks";
			outputFileListPaths = (
				"${PODS_ROOT}/Target Support Files/Pods-uRideDriver/Pods-uRideDriver-frameworks-${CONFIGURATION}-output-files.xcfilelist",
			);
			runOnlyForDeploymentPostprocessing = 0;
			shellPath = /bin/sh;
			shellScript = "\"${PODS_ROOT}/Target Support Files/Pods-uRideDriver/Pods-uRideDriver-frameworks.sh\"\n";
			showEnvVarsInLog = 0;
		};
		A55EABD7B0C7F3A422A6CC61 /* [CP] Check Pods Manifest.lock */ = {
			isa = PBXShellScriptBuildPhase;
			buildActionMask = 2147483647;
			files = (
			);
			inputFileListPaths = (
			);
			inputPaths = (
				"${PODS_PODFILE_DIR_PATH}/Podfile.lock",
				"${PODS_ROOT}/Manifest.lock",
			);
			name = "[CP] Check Pods Manifest.lock";
			outputFileListPaths = (
			);
			outputPaths = (
				"$(DERIVED_FILE_DIR)/Pods-uRideDriver-uRideDriverTests-checkManifestLockResult.txt",
			);
			runOnlyForDeploymentPostprocessing = 0;
			shellPath = /bin/sh;
			shellScript = "diff \"${PODS_PODFILE_DIR_PATH}/Podfile.lock\" \"${PODS_ROOT}/Manifest.lock\" > /dev/null\nif [ $? != 0 ] ; then\n    # print error to STDERR\n    echo \"error: The sandbox is not in sync with the Podfile.lock. Run 'pod install' or update your CocoaPods installation.\" >&2\n    exit 1\nfi\n# This output is used by Xcode 'outputs' to avoid re-running this script phase.\necho \"SUCCESS\" > \"${SCRIPT_OUTPUT_FILE_0}\"\n";
			showEnvVarsInLog = 0;
		};
		C38B50BA6285516D6DCD4F65 /* [CP] Check Pods Manifest.lock */ = {
			isa = PBXShellScriptBuildPhase;
			buildActionMask = 2147483647;
			files = (
			);
			inputFileListPaths = (
			);
			inputPaths = (
				"${PODS_PODFILE_DIR_PATH}/Podfile.lock",
				"${PODS_ROOT}/Manifest.lock",
			);
			name = "[CP] Check Pods Manifest.lock";
			outputFileListPaths = (
			);
			outputPaths = (
				"$(DERIVED_FILE_DIR)/Pods-uRideDriver-checkManifestLockResult.txt",
			);
			runOnlyForDeploymentPostprocessing = 0;
			shellPath = /bin/sh;
			shellScript = "diff \"${PODS_PODFILE_DIR_PATH}/Podfile.lock\" \"${PODS_ROOT}/Manifest.lock\" > /dev/null\nif [ $? != 0 ] ; then\n    # print error to STDERR\n    echo \"error: The sandbox is not in sync with the Podfile.lock. Run 'pod install' or update your CocoaPods installation.\" >&2\n    exit 1\nfi\n# This output is used by Xcode 'outputs' to avoid re-running this script phase.\necho \"SUCCESS\" > \"${SCRIPT_OUTPUT_FILE_0}\"\n";
			showEnvVarsInLog = 0;
		};
		C59DA0FBD6956966B86A3779 /* [CP] Embed Pods Frameworks */ = {
			isa = PBXShellScriptBuildPhase;
			buildActionMask = 2147483647;
			files = (
			);
			inputFileListPaths = (
				"${PODS_ROOT}/Target Support Files/Pods-uRideDriver-uRideDriverTests/Pods-uRideDriver-uRideDriverTests-frameworks-${CONFIGURATION}-input-files.xcfilelist",
			);
			name = "[CP] Embed Pods Frameworks";
			outputFileListPaths = (
				"${PODS_ROOT}/Target Support Files/Pods-uRideDriver-uRideDriverTests/Pods-uRideDriver-uRideDriverTests-frameworks-${CONFIGURATION}-output-files.xcfilelist",
			);
			runOnlyForDeploymentPostprocessing = 0;
			shellPath = /bin/sh;
			shellScript = "\"${PODS_ROOT}/Target Support Files/Pods-uRideDriver-uRideDriverTests/Pods-uRideDriver-uRideDriverTests-frameworks.sh\"\n";
			showEnvVarsInLog = 0;
		};
		E235C05ADACE081382539298 /* [CP] Copy Pods Resources */ = {
			isa = PBXShellScriptBuildPhase;
			buildActionMask = 2147483647;
			files = (
			);
			inputFileListPaths = (
				"${PODS_ROOT}/Target Support Files/Pods-uRideDriver/Pods-uRideDriver-resources-${CONFIGURATION}-input-files.xcfilelist",
			);
			name = "[CP] Copy Pods Resources";
			outputFileListPaths = (
				"${PODS_ROOT}/Target Support Files/Pods-uRideDriver/Pods-uRideDriver-resources-${CONFIGURATION}-output-files.xcfilelist",
			);
			runOnlyForDeploymentPostprocessing = 0;
			shellPath = /bin/sh;
			shellScript = "\"${PODS_ROOT}/Target Support Files/Pods-uRideDriver/Pods-uRideDriver-resources.sh\"\n";
			showEnvVarsInLog = 0;
		};
		F6A41C54EA430FDDC6A6ED99 /* [CP] Copy Pods Resources */ = {
			isa = PBXShellScriptBuildPhase;
			buildActionMask = 2147483647;
			files = (
			);
			inputFileListPaths = (
				"${PODS_ROOT}/Target Support Files/Pods-uRideDriver-uRideDriverTests/Pods-uRideDriver-uRideDriverTests-resources-${CONFIGURATION}-input-files.xcfilelist",
			);
			name = "[CP] Copy Pods Resources";
			outputFileListPaths = (
				"${PODS_ROOT}/Target Support Files/Pods-uRideDriver-uRideDriverTests/Pods-uRideDriver-uRideDriverTests-resources-${CONFIGURATION}-output-files.xcfilelist",
			);
			runOnlyForDeploymentPostprocessing = 0;
			shellPath = /bin/sh;
			shellScript = "\"${PODS_ROOT}/Target Support Files/Pods-uRideDriver-uRideDriverTests/Pods-uRideDriver-uRideDriverTests-resources.sh\"\n";
			showEnvVarsInLog = 0;
		};
		FD10A7F022414F080027D42C /* Start Packager */ = {
			isa = PBXShellScriptBuildPhase;
			buildActionMask = 2147483647;
			files = (
			);
			inputFileListPaths = (
			);
			inputPaths = (
			);
			name = "Start Packager";
			outputFileListPaths = (
			);
			outputPaths = (
			);
			runOnlyForDeploymentPostprocessing = 0;
			shellPath = /bin/sh;
			shellScript = "export RCT_METRO_PORT=\"${RCT_METRO_PORT:=8081}\"\necho \"export RCT_METRO_PORT=${RCT_METRO_PORT}\" > \"${SRCROOT}/../node_modules/react-native/scripts/.packager.env\"\nif [ -z \"${RCT_NO_LAUNCH_PACKAGER+xxx}\" ] ; then\n  if nc -w 5 -z localhost ${RCT_METRO_PORT} ; then\n    if ! curl -s \"http://localhost:${RCT_METRO_PORT}/status\" | grep -q \"packager-status:running\" ; then\n      echo \"Port ${RCT_METRO_PORT} already in use, packager is either not running or not running correctly\"\n      exit 2\n    fi\n  else\n    open \"$SRCROOT/../node_modules/react-native/scripts/launchPackager.command\" || echo \"Can't start packager automatically\"\n  fi\nfi\n";
			showEnvVarsInLog = 0;
		};
/* End PBXShellScriptBuildPhase section */

/* Begin PBXSourcesBuildPhase section */
		00E356EA1AD99517003FC87E /* Sources */ = {
			isa = PBXSourcesBuildPhase;
			buildActionMask = 2147483647;
			files = (
				00E356F31AD99517003FC87E /* uRideDriverTests.m in Sources */,
			);
			runOnlyForDeploymentPostprocessing = 0;
		};
		13B07F871A680F5B00A75B9A /* Sources */ = {
			isa = PBXSourcesBuildPhase;
			buildActionMask = 2147483647;
			files = (
				13B07FBC1A68108700A75B9A /* AppDelegate.mm in Sources */,
				13B07FC11A68108700A75B9A /* main.m in Sources */,
			);
			runOnlyForDeploymentPostprocessing = 0;
		};
/* End PBXSourcesBuildPhase section */

/* Begin PBXTargetDependency section */
		00E356F51AD99517003FC87E /* PBXTargetDependency */ = {
			isa = PBXTargetDependency;
			target = 13B07F861A680F5B00A75B9A /* uRideDriver */;
			targetProxy = 00E356F41AD99517003FC87E /* PBXContainerItemProxy */;
		};
/* End PBXTargetDependency section */

/* Begin XCBuildConfiguration section */
		00E356F61AD99517003FC87E /* Debug */ = {
			isa = XCBuildConfiguration;
			baseConfigurationReference = 5B7EB9410499542E8C5724F5 /* Pods-uRideDriver-uRideDriverTests.debug.xcconfig */;
			buildSettings = {
				BUNDLE_LOADER = "$(TEST_HOST)";
				GCC_PREPROCESSOR_DEFINITIONS = (
					"DEBUG=1",
					"$(inherited)",
				);
				INFOPLIST_FILE = uRideDriverTests/Info.plist;
				IPHONEOS_DEPLOYMENT_TARGET = 11.0;
				LD_RUNPATH_SEARCH_PATHS = (
					"$(inherited)",
					"@executable_path/Frameworks",
					"@loader_path/Frameworks",
				);
				OTHER_LDFLAGS = (
					"-ObjC",
					"-lc++",
					"$(inherited)",
				);
				PRODUCT_BUNDLE_IDENTIFIER = "org.reactjs.native.example.$(PRODUCT_NAME:rfc1034identifier)";
				PRODUCT_NAME = "$(TARGET_NAME)";
				TEST_HOST = "$(BUILT_PRODUCTS_DIR)/uRideDriver.app/uRideDriver";
			};
			name = Debug;
		};
		00E356F71AD99517003FC87E /* Release */ = {
			isa = XCBuildConfiguration;
			baseConfigurationReference = 89C6BE57DB24E9ADA2F236DE /* Pods-uRideDriver-uRideDriverTests.release.xcconfig */;
			buildSettings = {
				BUNDLE_LOADER = "$(TEST_HOST)";
				COPY_PHASE_STRIP = NO;
				INFOPLIST_FILE = uRideDriverTests/Info.plist;
				IPHONEOS_DEPLOYMENT_TARGET = 11.0;
				LD_RUNPATH_SEARCH_PATHS = (
					"$(inherited)",
					"@executable_path/Frameworks",
					"@loader_path/Frameworks",
				);
				OTHER_LDFLAGS = (
					"-ObjC",
					"-lc++",
					"$(inherited)",
				);
				PRODUCT_BUNDLE_IDENTIFIER = "org.reactjs.native.example.$(PRODUCT_NAME:rfc1034identifier)";
				PRODUCT_NAME = "$(TARGET_NAME)";
				TEST_HOST = "$(BUILT_PRODUCTS_DIR)/uRideDriver.app/uRideDriver";
			};
			name = Release;
		};
		13B07F941A680F5B00A75B9A /* Debug */ = {
			isa = XCBuildConfiguration;
			baseConfigurationReference = 3B4392A12AC88292D35C810B /* Pods-uRideDriver.debug.xcconfig */;
			buildSettings = {
				ASSETCATALOG_COMPILER_APPICON_NAME = AppIcon;
				CLANG_ENABLE_MODULES = YES;
				CURRENT_PROJECT_VERSION = 1;
				ENABLE_BITCODE = NO;
				GCC_PREPROCESSOR_DEFINITIONS = (
					"$(inherited)",
					"COCOAPODS=1",
					"FB_SONARKIT_ENABLED=1",
					"$(inherited)",
					"SD_WEBP=1",
					"HERMES_ENABLE_DEBUGGER=1",
					"$(inherited)",
					"SK_GL=1",
					"SK_METAL=1",
					"HAVE_GOOGLE_MAPS=1",
				);
				INFOPLIST_FILE = uRideDriver/Info.plist;
				LD_RUNPATH_SEARCH_PATHS = (
					"$(inherited)",
					"@executable_path/Frameworks",
				);
				OTHER_LDFLAGS = (
					"$(inherited)",
					"-ObjC",
					"-lc++",
				);
				PRODUCT_BUNDLE_IDENTIFIER = "org.reactjs.native.example.$(PRODUCT_NAME:rfc1034identifier)";
				PRODUCT_NAME = uRideDriver;
				SWIFT_OPTIMIZATION_LEVEL = "-Onone";
				SWIFT_VERSION = 5.0;
				VERSIONING_SYSTEM = "apple-generic";
			};
			name = Debug;
		};
		13B07F951A680F5B00A75B9A /* Release */ = {
			isa = XCBuildConfiguration;
			baseConfigurationReference = 5709B34CF0A7D63546082F79 /* Pods-uRideDriver.release.xcconfig */;
			buildSettings = {
				ASSETCATALOG_COMPILER_APPICON_NAME = AppIcon;
				CLANG_ENABLE_MODULES = YES;
				CURRENT_PROJECT_VERSION = 1;
				GCC_PREPROCESSOR_DEFINITIONS = (
					"$(inherited)",
					"COCOAPODS=1",
					"$(inherited)",
					"SD_WEBP=1",
					"HERMES_ENABLE_DEBUGGER=1",
					"$(inherited)",
					"SK_GL=1",
					"SK_METAL=1",
					"HAVE_GOOGLE_MAPS=1",
				);
				INFOPLIST_FILE = uRideDriver/Info.plist;
				LD_RUNPATH_SEARCH_PATHS = (
					"$(inherited)",
					"@executable_path/Frameworks",
				);
				OTHER_LDFLAGS = (
					"$(inherited)",
					"-ObjC",
					"-lc++",
				);
				PRODUCT_BUNDLE_IDENTIFIER = "org.reactjs.native.example.$(PRODUCT_NAME:rfc1034identifier)";
				PRODUCT_NAME = uRideDriver;
				SWIFT_VERSION = 5.0;
				VERSIONING_SYSTEM = "apple-generic";
			};
			name = Release;
		};
		83CBBA201A601CBA00E9B192 /* Debug */ = {
			isa = XCBuildConfiguration;
			buildSettings = {
				ALWAYS_SEARCH_USER_PATHS = NO;
				CLANG_ANALYZER_LOCALIZABILITY_NONLOCALIZED = YES;
				CLANG_CXX_LANGUAGE_STANDARD = "c++17";
				CLANG_CXX_LIBRARY = "libc++";
				CLANG_ENABLE_MODULES = YES;
				CLANG_ENABLE_OBJC_ARC = YES;
				CLANG_WARN_BLOCK_CAPTURE_AUTORELEASING = YES;
				CLANG_WARN_BOOL_CONVERSION = YES;
				CLANG_WARN_COMMA = YES;
				CLANG_WARN_CONSTANT_CONVERSION = YES;
				CLANG_WARN_DEPRECATED_OBJC_IMPLEMENTATIONS = YES;
				CLANG_WARN_DIRECT_OBJC_ISA_USAGE = YES_ERROR;
				CLANG_WARN_EMPTY_BODY = YES;
				CLANG_WARN_ENUM_CONVERSION = YES;
				CLANG_WARN_INFINITE_RECURSION = YES;
				CLANG_WARN_INT_CONVERSION = YES;
				CLANG_WARN_NON_LITERAL_NULL_CONVERSION = YES;
				CLANG_WARN_OBJC_IMPLICIT_RETAIN_SELF = YES;
				CLANG_WARN_OBJC_LITERAL_CONVERSION = YES;
				CLANG_WARN_OBJC_ROOT_CLASS = YES_ERROR;
				CLANG_WARN_QUOTED_INCLUDE_IN_FRAMEWORK_HEADER = YES;
				CLANG_WARN_RANGE_LOOP_ANALYSIS = YES;
				CLANG_WARN_STRICT_PROTOTYPES = YES;
				CLANG_WARN_SUSPICIOUS_MOVE = YES;
				CLANG_WARN_UNREACHABLE_CODE = YES;
				CLANG_WARN__DUPLICATE_METHOD_MATCH = YES;
				"CODE_SIGN_IDENTITY[sdk=iphoneos*]" = "iPhone Developer";
				COPY_PHASE_STRIP = NO;
				ENABLE_STRICT_OBJC_MSGSEND = YES;
				ENABLE_TESTABILITY = YES;
				"EXCLUDED_ARCHS[sdk=iphonesimulator*]" = "";
				GCC_C_LANGUAGE_STANDARD = gnu99;
				GCC_DYNAMIC_NO_PIC = NO;
				GCC_NO_COMMON_BLOCKS = YES;
				GCC_OPTIMIZATION_LEVEL = 0;
				GCC_PREPROCESSOR_DEFINITIONS = (
					"DEBUG=1",
					"$(inherited)",
				);
				GCC_SYMBOLS_PRIVATE_EXTERN = NO;
				GCC_WARN_64_TO_32_BIT_CONVERSION = YES;
				GCC_WARN_ABOUT_RETURN_TYPE = YES_ERROR;
				GCC_WARN_UNDECLARED_SELECTOR = YES;
				GCC_WARN_UNINITIALIZED_AUTOS = YES_AGGRESSIVE;
				GCC_WARN_UNUSED_FUNCTION = YES;
				GCC_WARN_UNUSED_VARIABLE = YES;
				IPHONEOS_DEPLOYMENT_TARGET = 11.0;
				LD_RUNPATH_SEARCH_PATHS = (
					/usr/lib/swift,
					"$(inherited)",
				);
				LIBRARY_SEARCH_PATHS = (
					"\"$(SDKROOT)/usr/lib/swift\"",
					"\"$(TOOLCHAIN_DIR)/usr/lib/swift/$(PLATFORM_NAME)\"",
					"\"$(inherited)\"",
				);
				MTL_ENABLE_DEBUG_INFO = YES;
				ONLY_ACTIVE_ARCH = YES;
				OTHER_CPLUSPLUSFLAGS = (
					"$(OTHER_CFLAGS)",
					"-DFOLLY_NO_CONFIG",
					"-DFOLLY_MOBILE=1",
					"-DFOLLY_USE_LIBCPP=1",
				);
				SDKROOT = iphoneos;
			};
			name = Debug;
		};
		83CBBA211A601CBA00E9B192 /* Release */ = {
			isa = XCBuildConfiguration;
			buildSettings = {
				ALWAYS_SEARCH_USER_PATHS = NO;
				CLANG_ANALYZER_LOCALIZABILITY_NONLOCALIZED = YES;
				CLANG_CXX_LANGUAGE_STANDARD = "c++17";
				CLANG_CXX_LIBRARY = "libc++";
				CLANG_ENABLE_MODULES = YES;
				CLANG_ENABLE_OBJC_ARC = YES;
				CLANG_WARN_BLOCK_CAPTURE_AUTORELEASING = YES;
				CLANG_WARN_BOOL_CONVERSION = YES;
				CLANG_WARN_COMMA = YES;
				CLANG_WARN_CONSTANT_CONVERSION = YES;
				CLANG_WARN_DEPRECATED_OBJC_IMPLEMENTATIONS = YES;
				CLANG_WARN_DIRECT_OBJC_ISA_USAGE = YES_ERROR;
				CLANG_WARN_EMPTY_BODY = YES;
				CLANG_WARN_ENUM_CONVERSION = YES;
				CLANG_WARN_INFINITE_RECURSION = YES;
				CLANG_WARN_INT_CONVERSION = YES;
				CLANG_WARN_NON_LITERAL_NULL_CONVERSION = YES;
				CLANG_WARN_OBJC_IMPLICIT_RETAIN_SELF = YES;
				CLANG_WARN_OBJC_LITERAL_CONVERSION = YES;
				CLANG_WARN_OBJC_ROOT_CLASS = YES_ERROR;
				CLANG_WARN_QUOTED_INCLUDE_IN_FRAMEWORK_HEADER = YES;
				CLANG_WARN_RANGE_LOOP_ANALYSIS = YES;
				CLANG_WARN_STRICT_PROTOTYPES = YES;
				CLANG_WARN_SUSPICIOUS_MOVE = YES;
				CLANG_WARN_UNREACHABLE_CODE = YES;
				CLANG_WARN__DUPLICATE_METHOD_MATCH = YES;
				"CODE_SIGN_IDENTITY[sdk=iphoneos*]" = "iPhone Developer";
				COPY_PHASE_STRIP = YES;
				ENABLE_NS_ASSERTIONS = NO;
				ENABLE_STRICT_OBJC_MSGSEND = YES;
				"EXCLUDED_ARCHS[sdk=iphonesimulator*]" = "";
				GCC_C_LANGUAGE_STANDARD = gnu99;
				GCC_NO_COMMON_BLOCKS = YES;
				GCC_WARN_64_TO_32_BIT_CONVERSION = YES;
				GCC_WARN_ABOUT_RETURN_TYPE = YES_ERROR;
				GCC_WARN_UNDECLARED_SELECTOR = YES;
				GCC_WARN_UNINITIALIZED_AUTOS = YES_AGGRESSIVE;
				GCC_WARN_UNUSED_FUNCTION = YES;
				GCC_WARN_UNUSED_VARIABLE = YES;
				IPHONEOS_DEPLOYMENT_TARGET = 11.0;
				LD_RUNPATH_SEARCH_PATHS = (
					/usr/lib/swift,
					"$(inherited)",
				);
				LIBRARY_SEARCH_PATHS = (
					"\"$(SDKROOT)/usr/lib/swift\"",
					"\"$(TOOLCHAIN_DIR)/usr/lib/swift/$(PLATFORM_NAME)\"",
					"\"$(inherited)\"",
				);
				MTL_ENABLE_DEBUG_INFO = NO;
				OTHER_CPLUSPLUSFLAGS = (
					"$(OTHER_CFLAGS)",
					"-DFOLLY_NO_CONFIG",
					"-DFOLLY_MOBILE=1",
					"-DFOLLY_USE_LIBCPP=1",
				);
				SDKROOT = iphoneos;
				VALIDATE_PRODUCT = YES;
			};
			name = Release;
		};
/* End XCBuildConfiguration section */

/* Begin XCConfigurationList section */
		00E357021AD99517003FC87E /* Build configuration list for PBXNativeTarget "uRideDriverTests" */ = {
			isa = XCConfigurationList;
			buildConfigurations = (
				00E356F61AD99517003FC87E /* Debug */,
				00E356F71AD99517003FC87E /* Release */,
			);
			defaultConfigurationIsVisible = 0;
			defaultConfigurationName = Release;
		};
		13B07F931A680F5B00A75B9A /* Build configuration list for PBXNativeTarget "uRideDriver" */ = {
			isa = XCConfigurationList;
			buildConfigurations = (
				13B07F941A680F5B00A75B9A /* Debug */,
				13B07F951A680F5B00A75B9A /* Release */,
			);
			defaultConfigurationIsVisible = 0;
			defaultConfigurationName = Release;
		};
		83CBB9FA1A601CBA00E9B192 /* Build configuration list for PBXProject "uRideDriver" */ = {
			isa = XCConfigurationList;
			buildConfigurations = (
				83CBBA201A601CBA00E9B192 /* Debug */,
				83CBBA211A601CBA00E9B192 /* Release */,
			);
			defaultConfigurationIsVisible = 0;
			defaultConfigurationName = Release;
		};
/* End XCConfigurationList section */
	};
	rootObject = 83CBB9F71A601CBA00E9B192 /* Project object */;
}
